
Microsoft Visual Studio Solution File, Format Version 12.00
# Visual Studio 15
VisualStudioVersion = 15.0.28307.852
MinimumVisualStudioVersion = 10.0.40219.1
Project("{9A19103F-16F7-4668-BE54-9A1E7A4F7556}") = "LegacyMonopoly", "LegacyMonopoly\LegacyMonopoly.csproj", "{21017A47-34BA-48AC-B502-F587680E882F}"
EndProject
Project("{9A19103F-16F7-4668-BE54-9A1E7A4F7556}") = "LegacyMonopoly.DataAccess", "LegacyMonopoly.DataAccess\LegacyMonopoly.DataAccess.csproj", "{D06ED754-805F-4643-B121-B31E163D35A5}"
EndProject
Project("{FAE04EC0-301F-11D3-BF4B-00C04F79EFBC}") = "LegacyMonopoly.UnitTests", "LegacyMonopoly.UnitTests\LegacyMonopoly.UnitTests.csproj", "{453B888C-3017-4628-BB9A-6BE0C3BAF5E9}"
EndProject
Project("{FAE04EC0-301F-11D3-BF4B-00C04F79EFBC}") = "LegacyMonopoly.Service", "LegacyMonopoly.Service\LegacyMonopoly.Service.csproj", "{63555486-1E49-489F-A148-DC10FB97E0B7}"
EndProject
Global
	GlobalSection(SolutionConfigurationPlatforms) = preSolution
		Debug|Any CPU = Debug|Any CPU
		Release|Any CPU = Release|Any CPU
	EndGlobalSection
	GlobalSection(ProjectConfigurationPlatforms) = postSolution
		{21017A47-34BA-48AC-B502-F587680E882F}.Debug|Any CPU.ActiveCfg = Debug|Any CPU
		{21017A47-34BA-48AC-B502-F587680E882F}.Debug|Any CPU.Build.0 = Debug|Any CPU
		{21017A47-34BA-48AC-B502-F587680E882F}.Release|Any CPU.ActiveCfg = Release|Any CPU
		{21017A47-34BA-48AC-B502-F587680E882F}.Release|Any CPU.Build.0 = Release|Any CPU
		{D06ED754-805F-4643-B121-B31E163D35A5}.Debug|Any CPU.ActiveCfg = Debug|Any CPU
		{D06ED754-805F-4643-B121-B31E163D35A5}.Debug|Any CPU.Build.0 = Debug|Any CPU
		{D06ED754-805F-4643-B121-B31E163D35A5}.Release|Any CPU.ActiveCfg = Release|Any CPU
		{D06ED754-805F-4643-B121-B31E163D35A5}.Release|Any CPU.Build.0 = Release|Any CPU
		{453B888C-3017-4628-BB9A-6BE0C3BAF5E9}.Debug|Any CPU.ActiveCfg = Debug|Any CPU
		{453B888C-3017-4628-BB9A-6BE0C3BAF5E9}.Debug|Any CPU.Build.0 = Debug|Any CPU
		{453B888C-3017-4628-BB9A-6BE0C3BAF5E9}.Release|Any CPU.ActiveCfg = Release|Any CPU
		{453B888C-3017-4628-BB9A-6BE0C3BAF5E9}.Release|Any CPU.Build.0 = Release|Any CPU
		{63555486-1E49-489F-A148-DC10FB97E0B7}.Debug|Any CPU.ActiveCfg = Debug|Any CPU
		{63555486-1E49-489F-A148-DC10FB97E0B7}.Debug|Any CPU.Build.0 = Debug|Any CPU
		{63555486-1E49-489F-A148-DC10FB97E0B7}.Release|Any CPU.ActiveCfg = Release|Any CPU
		{63555486-1E49-489F-A148-DC10FB97E0B7}.Release|Any CPU.Build.0 = Release|Any CPU
	EndGlobalSection
	GlobalSection(SolutionProperties) = preSolution
		HideSolutionNode = FALSE
	EndGlobalSection
	GlobalSection(ExtensibilityGlobals) = postSolution
		SolutionGuid = {FA963233-A46D-4D6D-85F1-16D05F4FAF32}
	EndGlobalSection
EndGlobal
